
Microsoft Visual Studio Solution File, Format Version 12.00
# Visual Studio Version 16
VisualStudioVersion = 16.0.30907.101
MinimumVisualStudioVersion = 10.0.40219.1
Project("{FAE04EC0-301F-11D3-BF4B-00C04F79EFBC}") = "Zadacha lol", "Zadacha lol\Zadacha lol.csproj", "{E986E346-8654-4C1C-A22C-298CE8051133}"
EndProject
Project("{2150E333-8FDC-42A3-9474-1A3956D46DE8}") = "Solution Items", "Solution Items", "{A1D2A9F5-143B-4ADC-A027-99A277E46205}"
	ProjectSection(SolutionItems) = preProject
		.editorconfig = .editorconfig
	EndProjectSection
EndProject
Global
	GlobalSection(SolutionConfigurationPlatforms) = preSolution
		Debug|Any CPU = Debug|Any CPU
		Release|Any CPU = Release|Any CPU
	EndGlobalSection
	GlobalSection(ProjectConfigurationPlatforms) = postSolution
		{E986E346-8654-4C1C-A22C-298CE8051133}.Debug|Any CPU.ActiveCfg = Debug|Any CPU
		{E986E346-8654-4C1C-A22C-298CE8051133}.Debug|Any CPU.Build.0 = Debug|Any CPU
		{E986E346-8654-4C1C-A22C-298CE8051133}.Release|Any CPU.ActiveCfg = Release|Any CPU
		{E986E346-8654-4C1C-A22C-298CE8051133}.Release|Any CPU.Build.0 = Release|Any CPU
	EndGlobalSection
	GlobalSection(SolutionProperties) = preSolution
		HideSolutionNode = FALSE
	EndGlobalSection
	GlobalSection(ExtensibilityGlobals) = postSolution
		SolutionGuid = {E5D25EBA-FBC2-4752-95A2-FA94EA072B88}
	EndGlobalSection
EndGlobal
